
Microsoft Visual Studio Solution File, Format Version 12.00
# Visual Studio Version 17
VisualStudioVersion = 17.14.36603.0 d17.14
MinimumVisualStudioVersion = 10.0.40219.1
Project("{FAE04EC0-301F-11D3-BF4B-00C04F79EFBC}") = "vakko", "vakko\vakko.csproj", "{FB2E4F48-5505-45FE-9478-5D8655F53B0B}"
EndProject
Global
	GlobalSection(SolutionConfigurationPlatforms) = preSolution
		Debug|Any CPU = Debug|Any CPU
		Release|Any CPU = Release|Any CPU
	EndGlobalSection
	GlobalSection(ProjectConfigurationPlatforms) = postSolution
		{FB2E4F48-5505-45FE-9478-5D8655F53B0B}.Debug|Any CPU.ActiveCfg = Debug|Any CPU
		{FB2E4F48-5505-45FE-9478-5D8655F53B0B}.Debug|Any CPU.Build.0 = Debug|Any CPU
		{FB2E4F48-5505-45FE-9478-5D8655F53B0B}.Release|Any CPU.ActiveCfg = Release|Any CPU
		{FB2E4F48-5505-45FE-9478-5D8655F53B0B}.Release|Any CPU.Build.0 = Release|Any CPU
	EndGlobalSection
	GlobalSection(SolutionProperties) = preSolution
		HideSolutionNode = FALSE
	EndGlobalSection
	GlobalSection(ExtensibilityGlobals) = postSolution
		SolutionGuid = {EB11172E-17F9-499A-AEEA-EBDFAC5EE1A0}
	EndGlobalSection
EndGlobal
